{
  "requires": true,
  "lockfileVersion": 1,
  "dependencies": {
    "chartist-plugin-gradient": {
      "version": "0.0.10",
      "resolved": "https://registry.npmjs.org/chartist-plugin-gradient/-/chartist-plugin-gradient-0.0.10.tgz",
      "integrity": "sha512-CN4xsM6d9nk3UKEdNVVbRPN81uoCJJjLLkux716l9T//aeoFkXBj82o6nKgOiYTOXijsEWPhL06e9yIyZ1+pzA=="
    }
  }
}
